# This file was autogenerated by Stack.
# You should not edit this file by hand.
# For more information, please see the documentation at:
#   https://docs.haskellstack.org/en/stable/lock_files

packages:
- completed:
    hackage: heist-1.1.0.1@sha256:121288965f6c77b0d06a09c5d8a3b80f9a083830d06857555e99f10868b18dcb,9311
    pantry-tree:
      size: 7354
      sha256: 7144a2b1802790977bfbd30ea14ceca59d42107cf5d5b6f2806191e4d01edba5
  original:
    hackage: heist-1.1.0.1@sha256:121288965f6c77b0d06a09c5d8a3b80f9a083830d06857555e99f10868b18dcb,9311
- completed:
    hackage: io-streams-haproxy-1.0.1.0@sha256:fd6c585c46679752509df185c9d8f948d1ee03625005742ab5de3ebaa882690a,3084
    pantry-tree:
      size: 589
      sha256: 33c420a00acd8e86924fca0a713c658e5da4acc071b170907e81c07eb8bc0dac
  original:
    hackage: io-streams-haproxy-1.0.1.0@sha256:fd6c585c46679752509df185c9d8f948d1ee03625005742ab5de3ebaa882690a,3084
- completed:
    hackage: map-syntax-0.3@sha256:9b92c51bcaf1d55f60f8aaef9a96adb29acb77112631fa4110fd5dcae54be7a6,2420
    pantry-tree:
      size: 558
      sha256: bed5e77f083feeda1c13daf961d29ca1fbe96b7a87302c416fb1122a99d779cb
  original:
    hackage: map-syntax-0.3@sha256:9b92c51bcaf1d55f60f8aaef9a96adb29acb77112631fa4110fd5dcae54be7a6,2420
- completed:
    hackage: pwstore-fast-2.4.4@sha256:9b6a37510d8b9f37f409a8ab3babac9181afcaaa3fce8ba1c131a7ed3de30698,1351
    pantry-tree:
      size: 270
      sha256: ff4a44ede62515efe5cd366a5803f7183c811c4a0cf56eea88da94181c4844c0
  original:
    hackage: pwstore-fast-2.4.4@sha256:9b6a37510d8b9f37f409a8ab3babac9181afcaaa3fce8ba1c131a7ed3de30698,1351
- completed:
    hackage: snap-1.1.3.1@sha256:ad589f2838a10bde793150e113c147996ba9dc8b522f34d1eb3297493c8d2672,8901
    pantry-tree:
      size: 5743
      sha256: f301fd1bf3e0f249892764e04f5b4db6bc39a05e2323236f0b3f1cdcf1ace053
  original:
    hackage: snap-1.1.3.1@sha256:ad589f2838a10bde793150e113c147996ba9dc8b522f34d1eb3297493c8d2672,8901
- completed:
    hackage: snap-server-1.1.2.0@sha256:3167b836a0b0ee49c8d6c973535c33f583c9ef9ba62d9723f08509b38368cb8f,14641
    pantry-tree:
      size: 3313
      sha256: adc437085565401e935067062ddfb6d13b423d3820a9f10f01fcb9e64ab09445
  original:
    hackage: snap-server-1.1.2.0@sha256:3167b836a0b0ee49c8d6c973535c33f583c9ef9ba62d9723f08509b38368cb8f,14641
snapshots:
- completed:
    size: 619093
    url: https://raw.githubusercontent.com/commercialhaskell/stackage-snapshots/master/lts/19/5.yaml
    sha256: b936d27d647a31a8834d3efec126e2a07dee9c9bd6dd401d9bdac77e7b278f1e
  original: lts-19.5
