# This file was autogenerated by Stack.
# You should not edit this file by hand.
# For more information, please see the documentation at:
#   https://docs.haskellstack.org/en/stable/lock_files

packages:
- completed:
    hackage: snap-1.1.3.0@sha256:0c0814d2ab1c3d5f22cef4615b2913ded18e87710ea6febdbe6e3ab8d9838735,8872
    pantry-tree:
      size: 5743
      sha256: 804f55a8cab81e720547308e799243e81f43e089b860c0d3160a938cad86ed0d
  original:
    hackage: snap-1.1.3.0@sha256:0c0814d2ab1c3d5f22cef4615b2913ded18e87710ea6febdbe6e3ab8d9838735,8872
- completed:
    hackage: acid-state-0.16.0@sha256:a5640fd8d99bdb5f152476a2ae56cc8eb81864b280c8ec7d1387e81296ed844d,6190
    pantry-tree:
      size: 13678
      sha256: c6e4b7f00d2a500e6286beafe3a2da7ba898a9ea31f5744df57cdce8a8f5890f
  original:
    hackage: acid-state-0.16.0@sha256:a5640fd8d99bdb5f152476a2ae56cc8eb81864b280c8ec7d1387e81296ed844d,6190
- completed:
    hackage: heist-1.1.0.1@sha256:7355cf8c1a7ef84c0c800c0539f7b99e7e540cace697238009a2dea1f05231f1,9311
    pantry-tree:
      size: 7354
      sha256: a2635ed49de6debaf8b98189989f83ab58dcc125c6ae8e57f6fe0903bc7fa8ff
  original:
    hackage: heist-1.1.0.1@sha256:7355cf8c1a7ef84c0c800c0539f7b99e7e540cace697238009a2dea1f05231f1,9311
- completed:
    hackage: map-syntax-0.3@sha256:ca8b449615fa57419c16a5e98844624a6ac758692b87b3cfae8c74c87c56f1b2,2420
    pantry-tree:
      size: 558
      sha256: c196bee0433f9540e4251ebd1be06d802ff7cc4931e6f0aedc38babd28683a3c
  original:
    hackage: map-syntax-0.3@sha256:ca8b449615fa57419c16a5e98844624a6ac758692b87b3cfae8c74c87c56f1b2,2420
- completed:
    hackage: pwstore-fast-2.4.4@sha256:9b6a37510d8b9f37f409a8ab3babac9181afcaaa3fce8ba1c131a7ed3de30698,1351
    pantry-tree:
      size: 270
      sha256: ff4a44ede62515efe5cd366a5803f7183c811c4a0cf56eea88da94181c4844c0
  original:
    hackage: pwstore-fast-2.4.4@sha256:9b6a37510d8b9f37f409a8ab3babac9181afcaaa3fce8ba1c131a7ed3de30698,1351
- completed:
    hackage: xmlhtml-0.2.5.2@sha256:3f0990f725551985d777e8edb5563fe99aee998f1fde6a7633f720f76df54701,46997
    pantry-tree:
      size: 61835
      sha256: bb1bd95db3738e18d112bbc9724510ee64a51b7eda61494507f4957c5e2281f6
  original:
    hackage: xmlhtml-0.2.5.2@sha256:3f0990f725551985d777e8edb5563fe99aee998f1fde6a7633f720f76df54701,46997
snapshots:
- completed:
    size: 492015
    url: https://raw.githubusercontent.com/commercialhaskell/stackage-snapshots/master/lts/15/8.yaml
    sha256: 926bc3d70249dd0ba05277ff00943c0addb35b627cb641752669e7cf771310d0
  original: lts-15.8
